
Microsoft Visual Studio Solution File, Format Version 12.00
# Visual Studio Version 16
VisualStudioVersion = 16.0.33423.256
MinimumVisualStudioVersion = 10.0.40219.1
Project("{FAE04EC0-301F-11D3-BF4B-00C04F79EFBC}") = "ESP32CAM-SerialComunicator", "ESP32CAM-SerialComunicator\ESP32CAM-SerialComunicator.csproj", "{DDA96861-BE48-47BA-A590-396014FEA124}"
EndProject
Global
	GlobalSection(SolutionConfigurationPlatforms) = preSolution
		Debug|Any CPU = Debug|Any CPU
		Release|Any CPU = Release|Any CPU
	EndGlobalSection
	GlobalSection(ProjectConfigurationPlatforms) = postSolution
		{DDA96861-BE48-47BA-A590-396014FEA124}.Debug|Any CPU.ActiveCfg = Debug|Any CPU
		{DDA96861-BE48-47BA-A590-396014FEA124}.Debug|Any CPU.Build.0 = Debug|Any CPU
		{DDA96861-BE48-47BA-A590-396014FEA124}.Release|Any CPU.ActiveCfg = Release|Any CPU
		{DDA96861-BE48-47BA-A590-396014FEA124}.Release|Any CPU.Build.0 = Release|Any CPU
	EndGlobalSection
	GlobalSection(SolutionProperties) = preSolution
		HideSolutionNode = FALSE
	EndGlobalSection
	GlobalSection(ExtensibilityGlobals) = postSolution
		SolutionGuid = {3C6083C2-C8B2-47BF-A917-6C74FDB28768}
	EndGlobalSection
EndGlobal
